
Microsoft Visual Studio Solution File, Format Version 12.00
# Visual Studio Version 17
VisualStudioVersion = 17.3.32811.315
MinimumVisualStudioVersion = 10.0.40219.1
Project("{FAE04EC0-301F-11D3-BF4B-00C04F79EFBC}") = "WithCancellation", "src\WithCancellation\WithCancellation.csproj", "{B4CCE219-C221-4225-B0E8-7950C120B6AA}"
EndProject
Project("{2150E333-8FDC-42A3-9474-1A3956D46DE8}") = "src", "src", "{B1D774A7-DE14-4136-AABC-684DA36B6375}"
EndProject
Global
	GlobalSection(SolutionConfigurationPlatforms) = preSolution
		Debug|Any CPU = Debug|Any CPU
		Release|Any CPU = Release|Any CPU
	EndGlobalSection
	GlobalSection(ProjectConfigurationPlatforms) = postSolution
		{B4CCE219-C221-4225-B0E8-7950C120B6AA}.Debug|Any CPU.ActiveCfg = Debug|Any CPU
		{B4CCE219-C221-4225-B0E8-7950C120B6AA}.Debug|Any CPU.Build.0 = Debug|Any CPU
		{B4CCE219-C221-4225-B0E8-7950C120B6AA}.Release|Any CPU.ActiveCfg = Release|Any CPU
		{B4CCE219-C221-4225-B0E8-7950C120B6AA}.Release|Any CPU.Build.0 = Release|Any CPU
	EndGlobalSection
	GlobalSection(SolutionProperties) = preSolution
		HideSolutionNode = FALSE
	EndGlobalSection
	GlobalSection(NestedProjects) = preSolution
		{B4CCE219-C221-4225-B0E8-7950C120B6AA} = {B1D774A7-DE14-4136-AABC-684DA36B6375}
	EndGlobalSection
	GlobalSection(ExtensibilityGlobals) = postSolution
		SolutionGuid = {782029AC-325D-49BE-A04B-A44AD7D7EDCC}
	EndGlobalSection
EndGlobal
